Microsoft Visual Studio Solution File, Format Version 11.00
# Visual Studio 2008

Project("{43FABA08-4D01-6585-2E55-56DB67A55378}") = "SHIP", "Assembly-CSharp-firstpass.csproj", "{9599ED8B-AA08-51AB-E8B4-2A3A697410CA}"
EndProject
Project("{43FABA08-4D01-6585-2E55-56DB67A55378}") = "SHIP", "Assembly-CSharp.csproj", "{CBB77273-17F8-FB18-DB42-4E95BDB7A245}"
EndProject
Project("{43FABA08-4D01-6585-2E55-56DB67A55378}") = "SHIP", "Assembly-CSharp-Editor-firstpass.csproj", "{AEC0AFBF-4B66-DD4F-DFBA-82952B8456F2}"
EndProject
Project("{43FABA08-4D01-6585-2E55-56DB67A55378}") = "SHIP", "Assembly-CSharp-Editor.csproj", "{0C420FF3-AA3D-FD71-37E1-44A27F46E594}"
EndProject
Global
	GlobalSection(SolutionConfigurationPlatforms) = preSolution
		Debug|Any CPU = Debug|Any CPU
		Release|Any CPU = Release|Any CPU
	EndGlobalSection
	GlobalSection(ProjectConfigurationPlatforms) = postSolution
		{9599ED8B-AA08-51AB-E8B4-2A3A697410CA}.Debug|Any CPU.ActiveCfg = Debug|Any CPU
		{9599ED8B-AA08-51AB-E8B4-2A3A697410CA}.Debug|Any CPU.Build.0 = Debug|Any CPU
		{9599ED8B-AA08-51AB-E8B4-2A3A697410CA}.Release|Any CPU.ActiveCfg = Release|Any CPU
		{9599ED8B-AA08-51AB-E8B4-2A3A697410CA}.Release|Any CPU.Build.0 = Release|Any CPU
		{CBB77273-17F8-FB18-DB42-4E95BDB7A245}.Debug|Any CPU.ActiveCfg = Debug|Any CPU
		{CBB77273-17F8-FB18-DB42-4E95BDB7A245}.Debug|Any CPU.Build.0 = Debug|Any CPU
		{CBB77273-17F8-FB18-DB42-4E95BDB7A245}.Release|Any CPU.ActiveCfg = Release|Any CPU
		{CBB77273-17F8-FB18-DB42-4E95BDB7A245}.Release|Any CPU.Build.0 = Release|Any CPU
		{AEC0AFBF-4B66-DD4F-DFBA-82952B8456F2}.Debug|Any CPU.ActiveCfg = Debug|Any CPU
		{AEC0AFBF-4B66-DD4F-DFBA-82952B8456F2}.Debug|Any CPU.Build.0 = Debug|Any CPU
		{AEC0AFBF-4B66-DD4F-DFBA-82952B8456F2}.Release|Any CPU.ActiveCfg = Release|Any CPU
		{AEC0AFBF-4B66-DD4F-DFBA-82952B8456F2}.Release|Any CPU.Build.0 = Release|Any CPU
		{0C420FF3-AA3D-FD71-37E1-44A27F46E594}.Debug|Any CPU.ActiveCfg = Debug|Any CPU
		{0C420FF3-AA3D-FD71-37E1-44A27F46E594}.Debug|Any CPU.Build.0 = Debug|Any CPU
		{0C420FF3-AA3D-FD71-37E1-44A27F46E594}.Release|Any CPU.ActiveCfg = Release|Any CPU
		{0C420FF3-AA3D-FD71-37E1-44A27F46E594}.Release|Any CPU.Build.0 = Release|Any CPU
	EndGlobalSection
	GlobalSection(SolutionProperties) = preSolution
		HideSolutionNode = FALSE
	EndGlobalSection
	GlobalSection(MonoDevelopProperties) = preSolution
		StartupItem = Assembly-CSharp.csproj
	EndGlobalSection
EndGlobal
